// !$*UTF8*$!
{
	archiveVersion = 1;
	classes = {
	};
	objectVersion = 56;
	objects = {

/* Begin PBXBuildFile section */
		PASP0001PanelPassApp.swift /* PanelPassApp.swift in Sources */ = {isa = PBXBuildFile; fileRef = PASP0011PanelPassApp.swift /* PanelPassApp.swift */; };
		PASP0002ContentView.swift /* ContentView.swift in Sources */ = {isa = PBXBuildFile; fileRef = PASP0012ContentView.swift /* ContentView.swift */; };
		PASP0003AppleSignInImpl /* AppleSignInProviderImpl.swift in Sources */ = {isa = PBXBuildFile; fileRef = PASP0013AppleSignInImpl /* AppleSignInProviderImpl.swift */; };
		PASP0004StoreKitBillingImpl /* StoreKitBillingProviderImpl.swift in Sources */ = {isa = PBXBuildFile; fileRef = PASP0014StoreKitBillingImpl /* StoreKitBillingProviderImpl.swift */; };
		PASP0005sharedframework /* shared.framework in Frameworks */ = {isa = PBXBuildFile; fileRef = PASP0015sharedframework /* shared.framework */; };
		PASP0006sharedframework /* shared.framework in Embed Frameworks */ = {isa = PBXBuildFile; fileRef = PASP0015sharedframework /* shared.framework */; settings = {ATTRIBUTES = (CodeSignOnCopy, RemoveHeadersOnCopy, ); }; };
/* End PBXBuildFile section */

/* Begin PBXCopyFilesBuildPhase section */
		PASP0007EmbedFrameworks /* Embed Frameworks */ = {
			isa = PBXCopyFilesBuildPhase;
			buildActionMask = 2147483647;
			dstPath = "";
			dstSubfolderSpec = 10;
			files = (
				PASP0006sharedframework /* shared.framework in Embed Frameworks */,
			);
			name = "Embed Frameworks";
			runOnlyForDeploymentPostprocessing = 0;
		};
/* End PBXCopyFilesBuildPhase section */

/* Begin PBXFileReference section */
		PASP0000PanelPass.app /* PanelPass.app */ = {isa = PBXFileReference; explicitFileType = wrapper.application; includeInIndex = 0; path = PanelPass.app; sourceTree = BUILT_PRODUCTS_DIR; };
		PASP0011PanelPassApp.swift /* PanelPassApp.swift */ = {isa = PBXFileReference; lastKnownFileType = sourcecode.swift; path = PanelPassApp.swift; sourceTree = "<group>"; };
		PASP0012ContentView.swift /* ContentView.swift */ = {isa = PBXFileReference; lastKnownFileType = sourcecode.swift; path = ContentView.swift; sourceTree = "<group>"; };
		PASP0013AppleSignInImpl /* AppleSignInProviderImpl.swift */ = {isa = PBXFileReference; lastKnownFileType = sourcecode.swift; path = AppleSignInProviderImpl.swift; sourceTree = "<group>"; };
		PASP0014StoreKitBillingImpl /* StoreKitBillingProviderImpl.swift */ = {isa = PBXFileReference; lastKnownFileType = sourcecode.swift; path = StoreKitBillingProviderImpl.swift; sourceTree = "<group>"; };
		PASP0015sharedframework /* shared.framework */ = {isa = PBXFileReference; lastKnownFileType = wrapper.framework; path = shared.framework; sourceTree = BUILT_PRODUCTS_DIR; };
		PASP0016Info.plist /* Info.plist */ = {isa = PBXFileReference; lastKnownFileType = text.plist.xml; path = Info.plist; sourceTree = "<group>"; };
		PASP0036PanelPass.entitlements /* PanelPass.entitlements */ = {isa = PBXFileReference; lastKnownFileType = text.plist.entitlements; path = PanelPass.entitlements; sourceTree = "<group>"; };
/* End PBXFileReference section */

/* Begin PBXFrameworksBuildPhase section */
		PASP0020Frameworks /* Frameworks */ = {
			isa = PBXFrameworksBuildPhase;
			buildActionMask = 2147483647;
			files = (
				PASP0005sharedframework /* shared.framework in Frameworks */,
			);
			runOnlyForDeploymentPostprocessing = 0;
		};
/* End PBXFrameworksBuildPhase section */

/* Begin PBXGroup section */
		PASP0030Root = {
			isa = PBXGroup;
			children = (
				PASP0031PanelPass /* PanelPass */,
				PASP0032Frameworks /* Frameworks */,
				PASP0033Products /* Products */,
			);
			sourceTree = "<group>";
		};
		PASP0031PanelPass /* PanelPass */ = {
			isa = PBXGroup;
			children = (
				PASP0011PanelPassApp.swift /* PanelPassApp.swift */,
				PASP0012ContentView.swift /* ContentView.swift */,
				PASP0034Auth /* Auth */,
				PASP0035Billing /* Billing */,
				PASP0016Info.plist /* Info.plist */,
				PASP0036PanelPass.entitlements /* PanelPass.entitlements */,
			);
			path = PanelPass;
			sourceTree = "<group>";
		};
		PASP0032Frameworks /* Frameworks */ = {
			isa = PBXGroup;
			children = (
				PASP0015sharedframework /* shared.framework */,
			);
			name = Frameworks;
			sourceTree = "<group>";
		};
		PASP0033Products /* Products */ = {
			isa = PBXGroup;
			children = (
				PASP0000PanelPass.app /* PanelPass.app */,
			);
			name = Products;
			sourceTree = "<group>";
		};
		PASP0034Auth /* Auth */ = {
			isa = PBXGroup;
			children = (
				PASP0013AppleSignInImpl /* AppleSignInProviderImpl.swift */,
			);
			path = Auth;
			sourceTree = "<group>";
		};
		PASP0035Billing /* Billing */ = {
			isa = PBXGroup;
			children = (
				PASP0014StoreKitBillingImpl /* StoreKitBillingProviderImpl.swift */,
			);
			path = Billing;
			sourceTree = "<group>";
		};
/* End PBXGroup section */

/* Begin PBXNativeTarget section */
		PASP0040PanelPassTarget /* PanelPass */ = {
			isa = PBXNativeTarget;
			buildConfigurationList = PASP0050BuildConfigList /* Build configuration list for PBXNativeTarget "PanelPass" */;
			buildPhases = (
				PASP0041RunScriptBuildShared /* Run Script: Build shared framework */,
				PASP0042Sources /* Sources */,
				PASP0020Frameworks /* Frameworks */,
				PASP0043Resources /* Resources */,
				PASP0007EmbedFrameworks /* Embed Frameworks */,
			);
			buildRules = (
			);
			dependencies = (
			);
			name = PanelPass;
			productName = PanelPass;
			productReference = PASP0000PanelPass.app /* PanelPass.app */;
			productType = "com.apple.product-type.application";
		};
/* End PBXNativeTarget section */

/* Begin PBXProject section */
		PASP0060Project /* Project object */ = {
			isa = PBXProject;
			attributes = {
				BuildIndependentTargetsInParallel = 1;
				LastSwiftUpdateCheck = 1500;
				LastUpgradeCheck = 1500;
			};
			buildConfigurationList = PASP0061ProjBuildConfigList /* Build configuration list for PBXProject "PanelPass" */;
			compatibilityVersion = "Xcode 14.0";
			developmentRegion = en;
			hasScannedForEncodings = 0;
			knownRegions = (
				en,
				Base,
			);
			mainGroup = PASP0030Root;
			productRefGroup = PASP0033Products /* Products */;
			projectDirPath = "";
			projectRoot = "";
			targets = (
				PASP0040PanelPassTarget /* PanelPass */,
			);
		};
/* End PBXProject section */

/* Begin PBXResourcesBuildPhase section */
		PASP0043Resources /* Resources */ = {
			isa = PBXResourcesBuildPhase;
			buildActionMask = 2147483647;
			files = (
			);
			runOnlyForDeploymentPostprocessing = 0;
		};
/* End PBXResourcesBuildPhase section */

/* Begin PBXShellScriptBuildPhase section */
		PASP0041RunScriptBuildShared /* Run Script: Build shared framework */ = {
			isa = PBXShellScriptBuildPhase;
			alwaysOutOfDate = 1;
			buildActionMask = 2147483647;
			files = (
			);
			inputFileListPaths = (
			);
			inputPaths = (
			);
			name = "Run Script: Build shared framework";
			outputFileListPaths = (
			);
			outputPaths = (
				"$(CONFIGURATION_BUILD_DIR)/shared.framework",
			);
			runOnlyForDeploymentPostprocessing = 0;
			shellPath = /bin/sh;
			shellScript = "set -e\nPROJECT_ROOT=\"${SRCROOT}/..\"\ncd \"$PROJECT_ROOT\" || { echo \"error: cannot cd to $PROJECT_ROOT\"; exit 1; }\nif [ ! -x \"./gradlew\" ]; then\n  echo \"error: gradlew not found or not executable in $PROJECT_ROOT. Run from terminal: cd $PROJECT_ROOT && gradle wrapper --gradle-version 8.11.1\"\n  exit 1\nfi\nexport PATH=\"/usr/local/bin:/opt/homebrew/bin:$PATH\"\nif [ -n \"$JAVA_HOME\" ]; then export PATH=\"$JAVA_HOME/bin:$PATH\"; fi\nif [ \"${PLATFORM_NAME}\" = \"iphoneos\" ]; then\n  ./gradlew :shared:linkReleaseFrameworkIosArm64 || { echo \"Gradle build failed (device). Check Java: java -version\"; exit 1; }\n  cp -Rf shared/build/bin/iosArm64/releaseFramework/shared.framework \"${CONFIGURATION_BUILD_DIR}/\"\nelse\n  ./gradlew :shared:linkReleaseFrameworkIosSimulatorArm64 || { echo \"Gradle build failed (simulator). Check Java: java -version\"; exit 1; }\n  cp -Rf shared/build/bin/iosSimulatorArm64/releaseFramework/shared.framework \"${CONFIGURATION_BUILD_DIR}/\"\nfi\necho \"Shared framework built successfully.\"\n";
		};
/* End PBXShellScriptBuildPhase section */

/* Begin PBXSourcesBuildPhase section */
		PASP0042Sources /* Sources */ = {
			isa = PBXSourcesBuildPhase;
			buildActionMask = 2147483647;
			files = (
				PASP0001PanelPassApp.swift /* PanelPassApp.swift in Sources */,
				PASP0002ContentView.swift /* ContentView.swift in Sources */,
				PASP0003AppleSignInImpl /* AppleSignInProviderImpl.swift in Sources */,
				PASP0004StoreKitBillingImpl /* StoreKitBillingProviderImpl.swift in Sources */,
			);
			runOnlyForDeploymentPostprocessing = 0;
		};
/* End PBXSourcesBuildPhase section */

/* Begin XCBuildConfiguration section */
		PASP0070Debug /* Debug */ = {
			isa = XCBuildConfiguration;
			buildSettings = {
				ALWAYS_SEARCH_USER_PATHS = NO;
				ASSETCATALOG_COMPILER_GENERATE_SWIFT_ASSET_SYMBOL_EXTENSIONS = YES;
				CLANG_ANALYZER_NONNULL = YES;
				CLANG_ANALYZER_NUMBER_OBJECT_CONVERSION = YES_AGGRESSIVE;
				CLANG_CXX_LANGUAGE_STANDARD = "gnu++20";
				CLANG_ENABLE_MODULES = YES;
				CLANG_ENABLE_OBJC_ARC = YES;
				CLANG_ENABLE_OBJC_WEAK = YES;
				COPY_PHASE_STRIP = NO;
				DEBUG_INFORMATION_FORMAT = dwarf;
				ENABLE_STRICT_OBJC_MSGSEND = YES;
				ENABLE_TESTABILITY = YES;
				GCC_C_LANGUAGE_STANDARD = gnu17;
				GCC_DYNAMIC_NO_PIC = NO;
				GCC_OPTIMIZATION_LEVEL = 0;
				GCC_PREPROCESSOR_DEFINITIONS = (
					"DEBUG=1",
					"$(inherited)",
				);
				GCC_WARN_64_TO_32_BIT_CONVERSION = YES_AGGRESSIVE;
				GCC_WARN_ABOUT_RETURN_TYPE = YES_ERROR;
				GCC_WARN_UNDECLARED_SELECTOR = YES;
				GCC_WARN_UNINITIALIZED_AUTOS = YES_AGGRESSIVE;
				GCC_WARN_UNUSED_FUNCTION = YES;
				GCC_WARN_UNUSED_VARIABLE = YES;
				IPHONEOS_DEPLOYMENT_TARGET = 15.0;
				LOCALIZATION_PREFERS_STRING_GRAPHS = YES;
				MTL_ENABLE_DEBUG_INFO = INCLUDE_SOURCE;
				MTL_FAST_MATH = YES;
				ONLY_ACTIVE_ARCH = YES;
				SDKROOT = iphoneos;
				SWIFT_ACTIVE_COMPILATION_CONDITIONS = "DEBUG $(inherited)";
				SWIFT_OPTIMIZATION_LEVEL = "-Onone";
			};
			name = Debug;
		};
		PASP0071Release /* Release */ = {
			isa = XCBuildConfiguration;
			buildSettings = {
				ALWAYS_SEARCH_USER_PATHS = NO;
				ASSETCATALOG_COMPILER_GENERATE_SWIFT_ASSET_SYMBOL_EXTENSIONS = YES;
				CLANG_ANALYZER_NONNULL = YES;
				CLANG_ANALYZER_NUMBER_OBJECT_CONVERSION = YES_AGGRESSIVE;
				CLANG_CXX_LANGUAGE_STANDARD = "gnu++20";
				CLANG_ENABLE_MODULES = YES;
				CLANG_ENABLE_OBJC_ARC = YES;
				CLANG_ENABLE_OBJC_WEAK = YES;
				COPY_PHASE_STRIP = NO;
				DEBUG_INFORMATION_FORMAT = "dwarf-with-dsym";
				ENABLE_NS_ASSERTIONS = NO;
				ENABLE_STRICT_OBJC_MSGSEND = YES;
				GCC_C_LANGUAGE_STANDARD = gnu17;
				GCC_WARN_64_TO_32_BIT_CONVERSION = YES_AGGRESSIVE;
				GCC_WARN_ABOUT_RETURN_TYPE = YES_ERROR;
				GCC_WARN_UNDECLARED_SELECTOR = YES;
				GCC_WARN_UNINITIALIZED_AUTOS = YES_AGGRESSIVE;
				GCC_WARN_UNUSED_FUNCTION = YES;
				GCC_WARN_UNUSED_VARIABLE = YES;
				IPHONEOS_DEPLOYMENT_TARGET = 15.0;
				LOCALIZATION_PREFERS_STRING_GRAPHS = YES;
				MTL_ENABLE_DEBUG_INFO = NO;
				MTL_FAST_MATH = YES;
				SDKROOT = iphoneos;
				SWIFT_COMPILATION_MODE = wholemodule;
				VALIDATE_PRODUCT = YES;
			};
			name = Release;
		};
		PASP0072TargetDebug /* Debug */ = {
			isa = XCBuildConfiguration;
			buildSettings = {
				CODE_SIGN_ENTITLEMENTS = PanelPass/PanelPass.entitlements;
				CODE_SIGN_STYLE = Automatic;
				CURRENT_PROJECT_VERSION = 1;
				DEVELOPMENT_ASSET_PATHS = "";
				ENABLE_PREVIEWS = YES;
				FRAMEWORK_SEARCH_PATHS = (
					"$(inherited)",
					"$(SRCROOT)/../shared/build/bin/iosArm64/releaseFramework",
					"$(SRCROOT)/../shared/build/bin/iosSimulatorArm64/releaseFramework",
				);
				GENERATE_INFOPLIST_FILE = NO;
				INFOPLIST_FILE = PanelPass/Info.plist;
				INFOPLIST_KEY_CFBundleDisplayName = PanelPass;
				INFOPLIST_KEY_UIApplicationSceneManifest_Generation = YES;
				INFOPLIST_KEY_UIApplicationSupportsIndirectInputEvents = YES;
				INFOPLIST_KEY_UILaunchScreen_Generation = YES;
				INFOPLIST_KEY_UISupportedInterfaceOrientations_iPad = "UIInterfaceOrientationPortrait UIInterfaceOrientationPortraitUpsideDown UIInterfaceOrientationLandscapeLeft UIInterfaceOrientationLandscapeRight";
				INFOPLIST_KEY_UISupportedInterfaceOrientations_iPhone = "UIInterfaceOrientationPortrait UIInterfaceOrientationLandscapeLeft UIInterfaceOrientationLandscapeRight";
				LD_RUNPATH_SEARCH_PATHS = (
					"$(inherited)",
					"@executable_path/Frameworks",
				);
				MARKETING_VERSION = 1.0;
				PRODUCT_BUNDLE_IDENTIFIER = com.panelpass;
				PRODUCT_NAME = "$(TARGET_NAME)";
				SWIFT_EMIT_LOC_STRINGS = YES;
				SWIFT_VERSION = 5.0;
				TARGETED_DEVICE_FAMILY = "1,2";
			};
			name = Debug;
		};
		PASP0073TargetRelease /* Release */ = {
			isa = XCBuildConfiguration;
			buildSettings = {
				CODE_SIGN_ENTITLEMENTS = PanelPass/PanelPass.entitlements;
				CODE_SIGN_STYLE = Automatic;
				CURRENT_PROJECT_VERSION = 1;
				DEVELOPMENT_ASSET_PATHS = "";
				ENABLE_PREVIEWS = YES;
				FRAMEWORK_SEARCH_PATHS = (
					"$(inherited)",
					"$(CONFIGURATION_BUILD_DIR)",
				);
				GENERATE_INFOPLIST_FILE = NO;
				INFOPLIST_FILE = PanelPass/Info.plist;
				INFOPLIST_KEY_CFBundleDisplayName = PanelPass;
				INFOPLIST_KEY_UIApplicationSceneManifest_Generation = YES;
				INFOPLIST_KEY_UIApplicationSupportsIndirectInputEvents = YES;
				INFOPLIST_KEY_UILaunchScreen_Generation = YES;
				INFOPLIST_KEY_UISupportedInterfaceOrientations_iPad = "UIInterfaceOrientationPortrait UIInterfaceOrientationPortraitUpsideDown UIInterfaceOrientationLandscapeLeft UIInterfaceOrientationLandscapeRight";
				INFOPLIST_KEY_UISupportedInterfaceOrientations_iPhone = "UIInterfaceOrientationPortrait UIInterfaceOrientationLandscapeLeft UIInterfaceOrientationLandscapeRight";
				LD_RUNPATH_SEARCH_PATHS = (
					"$(inherited)",
					"@executable_path/Frameworks",
				);
				MARKETING_VERSION = 1.0;
				PRODUCT_BUNDLE_IDENTIFIER = com.panelpass;
				PRODUCT_NAME = "$(TARGET_NAME)";
				SWIFT_EMIT_LOC_STRINGS = YES;
				SWIFT_VERSION = 5.0;
				TARGETED_DEVICE_FAMILY = "1,2";
			};
			name = Release;
		};
/* End XCBuildConfiguration section */

/* Begin XCConfigurationList section */
		PASP0050BuildConfigList /* Build configuration list for PBXNativeTarget "PanelPass" */ = {
			isa = XCConfigurationList;
			buildConfigurations = (
				PASP0072TargetDebug /* Debug */,
				PASP0073TargetRelease /* Release */,
			);
			defaultConfigurationIsVisible = 0;
			defaultConfigurationName = Release;
		};
		PASP0061ProjBuildConfigList /* Build configuration list for PBXProject "PanelPass" */ = {
			isa = XCConfigurationList;
			buildConfigurations = (
				PASP0070Debug /* Debug */,
				PASP0071Release /* Release */,
			);
			defaultConfigurationIsVisible = 0;
			defaultConfigurationName = Release;
		};
/* End XCConfigurationList section */
	};
	rootObject = PASP0060Project /* Project object */;
}
